
Microsoft Visual Studio Solution File, Format Version 12.00
# Visual Studio 2012
Project("{FAE04EC0-301F-11D3-BF4B-00C04F79EFBC}") = "Demo.Contracts", "Demo.Contracts\Demo.Contracts.csproj", "{1CA5B426-B31F-4445-9DE4-0018F6F34304}"
EndProject
Project("{FAE04EC0-301F-11D3-BF4B-00C04F79EFBC}") = "Demo.Web", "Demo.Web\Demo.Web.csproj", "{9F0ABA87-89E7-4DE4-B6B5-65164E9EDF46}"
EndProject
Project("{FAE04EC0-301F-11D3-BF4B-00C04F79EFBC}") = "Demo.MemberService", "Demo.MemberService\Demo.MemberService.csproj", "{65331AAD-83B5-43DF-96FC-7207ADB7D1C5}"
EndProject
Project("{FAE04EC0-301F-11D3-BF4B-00C04F79EFBC}") = "Demo.Core", "Demo.Core\Demo.Core.csproj", "{F2600B28-5FC7-40D6-8AAA-C878BA3504C8}"
EndProject
Project("{FAE04EC0-301F-11D3-BF4B-00C04F79EFBC}") = "Demo.Tests", "Demo.Tests\Demo.Tests.csproj", "{6E7F2F53-7BE0-479E-91D5-EA541F96C354}"
EndProject
Global
	GlobalSection(SolutionConfigurationPlatforms) = preSolution
		Debug|Any CPU = Debug|Any CPU
		Release|Any CPU = Release|Any CPU
	EndGlobalSection
	GlobalSection(ProjectConfigurationPlatforms) = postSolution
		{1CA5B426-B31F-4445-9DE4-0018F6F34304}.Debug|Any CPU.ActiveCfg = Debug|Any CPU
		{1CA5B426-B31F-4445-9DE4-0018F6F34304}.Debug|Any CPU.Build.0 = Debug|Any CPU
		{1CA5B426-B31F-4445-9DE4-0018F6F34304}.Release|Any CPU.ActiveCfg = Release|Any CPU
		{1CA5B426-B31F-4445-9DE4-0018F6F34304}.Release|Any CPU.Build.0 = Release|Any CPU
		{9F0ABA87-89E7-4DE4-B6B5-65164E9EDF46}.Debug|Any CPU.ActiveCfg = Debug|Any CPU
		{9F0ABA87-89E7-4DE4-B6B5-65164E9EDF46}.Debug|Any CPU.Build.0 = Debug|Any CPU
		{9F0ABA87-89E7-4DE4-B6B5-65164E9EDF46}.Release|Any CPU.ActiveCfg = Release|Any CPU
		{9F0ABA87-89E7-4DE4-B6B5-65164E9EDF46}.Release|Any CPU.Build.0 = Release|Any CPU
		{65331AAD-83B5-43DF-96FC-7207ADB7D1C5}.Debug|Any CPU.ActiveCfg = Debug|Any CPU
		{65331AAD-83B5-43DF-96FC-7207ADB7D1C5}.Debug|Any CPU.Build.0 = Debug|Any CPU
		{65331AAD-83B5-43DF-96FC-7207ADB7D1C5}.Release|Any CPU.ActiveCfg = Release|Any CPU
		{65331AAD-83B5-43DF-96FC-7207ADB7D1C5}.Release|Any CPU.Build.0 = Release|Any CPU
		{F2600B28-5FC7-40D6-8AAA-C878BA3504C8}.Debug|Any CPU.ActiveCfg = Debug|Any CPU
		{F2600B28-5FC7-40D6-8AAA-C878BA3504C8}.Debug|Any CPU.Build.0 = Debug|Any CPU
		{F2600B28-5FC7-40D6-8AAA-C878BA3504C8}.Release|Any CPU.ActiveCfg = Release|Any CPU
		{F2600B28-5FC7-40D6-8AAA-C878BA3504C8}.Release|Any CPU.Build.0 = Release|Any CPU
		{6E7F2F53-7BE0-479E-91D5-EA541F96C354}.Debug|Any CPU.ActiveCfg = Debug|Any CPU
		{6E7F2F53-7BE0-479E-91D5-EA541F96C354}.Debug|Any CPU.Build.0 = Debug|Any CPU
		{6E7F2F53-7BE0-479E-91D5-EA541F96C354}.Release|Any CPU.ActiveCfg = Release|Any CPU
		{6E7F2F53-7BE0-479E-91D5-EA541F96C354}.Release|Any CPU.Build.0 = Release|Any CPU
	EndGlobalSection
	GlobalSection(SolutionProperties) = preSolution
		HideSolutionNode = FALSE
	EndGlobalSection
EndGlobal
